
Microsoft Visual Studio Solution File, Format Version 12.00
Project("{FAE04EC0-301F-11D3-BF4B-00C04F79EFBC}") = "W00.1.C01", "W00.1.C01\W00.1.C01.csproj", "{F632D006-EDF2-47E0-86D6-931DBEE04B78}"
EndProject
Project("{2150E333-8FDC-42A3-9474-1A3956D46DE8}") = "Week 1", "Week 1", "{9EA07E27-8436-485C-9893-E2AEBC66038B}"
EndProject
Project("{FAE04EC0-301F-11D3-BF4B-00C04F79EFBC}") = "W01.1.C01", "W01.1.C01\W01.1.C01.csproj", "{6EBDA063-676F-446F-BA8A-E7A3E0344853}"
EndProject
Project("{FAE04EC0-301F-11D3-BF4B-00C04F79EFBC}") = "W01.1.C02", "W01.1.C02\W01.1.C02.csproj", "{B77E7A9D-D2A8-4C0A-B08E-FA6F1E121452}"
EndProject
Project("{FAE04EC0-301F-11D3-BF4B-00C04F79EFBC}") = "W01.1.C03", "W01.1.C03\W01.1.C03.csproj", "{60786335-36DA-4E0D-B673-B61C7CB16C5F}"
EndProject
Project("{FAE04EC0-301F-11D3-BF4B-00C04F79EFBC}") = "W01.1.C04", "W01.1.C04\W01.1.C04.csproj", "{16DF0167-0D63-41C2-B23E-F5C395D19BB4}"
EndProject
Project("{FAE04EC0-301F-11D3-BF4B-00C04F79EFBC}") = "W01.1.C05", "W01.1.C05\W01.1.C05.csproj", "{81011C05-A721-4FE0-8835-8D5624B71232}"
EndProject
Project("{FAE04EC0-301F-11D3-BF4B-00C04F79EFBC}") = "W01.1.C06", "W01.1.C06\W01.1.C06.csproj", "{4B4ECF08-2C5E-4B67-B6B0-6C078548F90A}"
EndProject
Project("{FAE04EC0-301F-11D3-BF4B-00C04F79EFBC}") = "W01.1.C07", "W01.1.C07\W01.1.C07.csproj", "{1CDEB8F5-804F-4E9F-BBBB-39F500BFD338}"
EndProject
Project("{FAE04EC0-301F-11D3-BF4B-00C04F79EFBC}") = "W01.1.C08", "W01.1.C08\W01.1.C08.csproj", "{C9BE9A88-6F73-4DE3-90B0-BAC002EAB09A}"
EndProject
Project("{FAE04EC0-301F-11D3-BF4B-00C04F79EFBC}") = "W01.1.C09", "W01.1.C09\W01.1.C09.csproj", "{458AF785-BEC6-4E41-9832-64500BD6BFD0}"
EndProject
Project("{FAE04EC0-301F-11D3-BF4B-00C04F79EFBC}") = "W01.1.H01", "W01.1.H01\W01.1.H01.csproj", "{5749B9A6-3B0A-4B74-B922-FF0E873FDAE6}"
EndProject
Project("{FAE04EC0-301F-11D3-BF4B-00C04F79EFBC}") = "W01.2.C01", "W01.2.C01\W01.2.C01.csproj", "{8AF8416E-AFB1-48EA-847C-28DC794D3E3E}"
EndProject
Project("{2150E333-8FDC-42A3-9474-1A3956D46DE8}") = "Day 2", "Day 2", "{B79CE18E-D954-4513-9824-7ADE44A4C0E3}"
EndProject
Project("{2150E333-8FDC-42A3-9474-1A3956D46DE8}") = "Day 1", "Day 1", "{1B571111-8A08-45AE-883A-A400D90C7723}"
EndProject
Project("{FAE04EC0-301F-11D3-BF4B-00C04F79EFBC}") = "W01.2.C03", "W01.2.C03\W01.2.C03.csproj", "{50426073-63EB-4C6A-A104-255AF15F2597}"
EndProject
Project("{FAE04EC0-301F-11D3-BF4B-00C04F79EFBC}") = "W01.2.C02", "W01.2.C02\W01.2.C02.csproj", "{5B8C0D60-9AEA-4A74-BB19-3944C5D648C9}"
EndProject
Project("{FAE04EC0-301F-11D3-BF4B-00C04F79EFBC}") = "W01.2.C04", "W01.2.C04\W01.2.C04.csproj", "{D15A7FD8-3F3C-428E-B25D-BFCD73D5E67B}"
EndProject
Project("{FAE04EC0-301F-11D3-BF4B-00C04F79EFBC}") = "W01.2.C05", "W01.2.C05\W01.2.C05.csproj", "{64D83666-3FCB-4077-BF91-4060B41A9A09}"
EndProject
Project("{FAE04EC0-301F-11D3-BF4B-00C04F79EFBC}") = "W01.2.C06", "W01.2.C06\W01.2.C06.csproj", "{9D355E37-C54B-4B02-BC03-8E2EB6E9056E}"
EndProject
Project("{FAE04EC0-301F-11D3-BF4B-00C04F79EFBC}") = "W01.2.C07", "W01.2.C07\W01.2.C07.csproj", "{212D5030-151A-4456-A0A3-916C94D03276}"
EndProject
Project("{FAE04EC0-301F-11D3-BF4B-00C04F79EFBC}") = "W01.2.C08", "W01.2.C08\W01.2.C08.csproj", "{1ACB8A4F-D0DA-4246-BAF5-F8E321623BD2}"
EndProject
Project("{FAE04EC0-301F-11D3-BF4B-00C04F79EFBC}") = "W01.2.C09", "W01.2.C09\W01.2.C09.csproj", "{55825794-D6A0-4208-9E46-3EF1627AF7CC}"
EndProject
Project("{FAE04EC0-301F-11D3-BF4B-00C04F79EFBC}") = "W01.2.C10", "W01.2.C10\W01.2.C10.csproj", "{7438A2A2-987F-4402-B455-FE610B976C45}"
EndProject
Project("{FAE04EC0-301F-11D3-BF4B-00C04F79EFBC}") = "W01.2.H01", "W01.2.H01\W01.2.H01.csproj", "{B9B57C43-1D96-42FD-BDF3-799A154C744D}"
EndProject
Project("{FAE04EC0-301F-11D3-BF4B-00C04F79EFBC}") = "W01.2.H04", "W01.2.H04\W01.2.H04.csproj", "{3DEA4C32-EA79-408E-99BB-81C619275C7E}"
EndProject
Project("{FAE04EC0-301F-11D3-BF4B-00C04F79EFBC}") = "W01.2.H06", "W01.2.H06\W01.2.H06.csproj", "{89DE52CB-3B23-43D8-A601-E62D5F00FE26}"
EndProject
Project("{FAE04EC0-301F-11D3-BF4B-00C04F79EFBC}") = "W01.2.H07", "W01.2.H07\W01.2.H07.csproj", "{A43EAD86-E701-4EAD-BC83-27C3C68A868E}"
EndProject
Project("{FAE04EC0-301F-11D3-BF4B-00C04F79EFBC}") = "W01.2.H09", "W01.2.H09\W01.2.H09.csproj", "{297F30E8-BE40-4CF8-A218-2965F1465258}"
EndProject
Project("{FAE04EC0-301F-11D3-BF4B-00C04F79EFBC}") = "W02.1.C01", "W02.1.C01\W02.1.C01.csproj", "{7F59015F-E635-490B-A1F4-187DC73CDAB7}"
EndProject
Project("{2150E333-8FDC-42A3-9474-1A3956D46DE8}") = "Week 2", "Week 2", "{CAD89414-C401-4D15-A7D7-3B09D00D8530}"
EndProject
Project("{2150E333-8FDC-42A3-9474-1A3956D46DE8}") = "Day 1", "Day 1", "{40535B6F-EB83-4D08-B508-D830A37A38E2}"
EndProject
Project("{FAE04EC0-301F-11D3-BF4B-00C04F79EFBC}") = "W02.1.C02", "W02.1.C02\W02.1.C02.csproj", "{CA83E7B3-E36A-41B8-8BA3-D139FFE67A00}"
EndProject
Project("{FAE04EC0-301F-11D3-BF4B-00C04F79EFBC}") = "W02.1.C03", "W02.1.C03\W02.1.C03.csproj", "{DC08520D-B1B9-44AD-B07E-247833906C89}"
EndProject
Project("{FAE04EC0-301F-11D3-BF4B-00C04F79EFBC}") = "W02.1.C04", "W02.1.C04\W02.1.C04.csproj", "{8FBDFE2D-158F-42D2-9A34-7F9CEE75926D}"
EndProject
Project("{FAE04EC0-301F-11D3-BF4B-00C04F79EFBC}") = "W02.1.C05", "W02.1.C05\W02.1.C05.csproj", "{8A8E6E1D-6C76-41A4-A374-0A4AE8F5369A}"
EndProject
Project("{FAE04EC0-301F-11D3-BF4B-00C04F79EFBC}") = "W02.1.C06", "W02.1.C06\W02.1.C06.csproj", "{8B7C8CC5-201B-46AA-84DD-2FEBA42DFAB9}"
EndProject
Project("{FAE04EC0-301F-11D3-BF4B-00C04F79EFBC}") = "W02.1.C07", "W02.1.C07\W02.1.C07.csproj", "{07D8072C-31E7-400B-B779-5A125C056984}"
EndProject
Project("{FAE04EC0-301F-11D3-BF4B-00C04F79EFBC}") = "W02.1.C08", "W02.1.C08\W02.1.C08.csproj", "{33C56E06-9D19-4BB0-9250-084FEB6501A8}"
EndProject
Project("{FAE04EC0-301F-11D3-BF4B-00C04F79EFBC}") = "W02.1.C09", "W02.1.C09\W02.1.C09.csproj", "{A0D282C7-701F-4622-A46C-0C9BF7A67B30}"
EndProject
Project("{FAE04EC0-301F-11D3-BF4B-00C04F79EFBC}") = "W02.1.H01", "W02.1.H01\W02.1.H01.csproj", "{06FF0F6E-E953-4346-BDE1-3852DA31A4B4}"
EndProject
Project("{FAE04EC0-301F-11D3-BF4B-00C04F79EFBC}") = "W02.1.H02", "W02.1.H02\W02.1.H02.csproj", "{1EE16B46-307C-415E-BBA0-70CEE5015A18}"
EndProject
Project("{FAE04EC0-301F-11D3-BF4B-00C04F79EFBC}") = "W02.1.H03", "W02.1.H03\W02.1.H03.csproj", "{DFE735BC-4E57-4552-A100-F54DE2AF5774}"
EndProject
Project("{2150E333-8FDC-42A3-9474-1A3956D46DE8}") = "Day 2", "Day 2", "{5984E6CB-82E5-4A27-899B-73DE04A9ADD6}"
EndProject
Project("{FAE04EC0-301F-11D3-BF4B-00C04F79EFBC}") = "W02.2.C01", "W02.2.C01\W02.2.C01.csproj", "{E9C98BB4-34E6-418D-81E5-A0A218435CD9}"
EndProject
Project("{FAE04EC0-301F-11D3-BF4B-00C04F79EFBC}") = "W02.1.H04", "W02.1.H04\W02.1.H04.csproj", "{DBE844FD-A8DD-4199-A08A-CFC9E884392A}"
EndProject
Project("{FAE04EC0-301F-11D3-BF4B-00C04F79EFBC}") = "W02.2.C02", "W02.2.C02\W02.2.C02.csproj", "{6CC651F0-0271-46F7-AAB9-141061602DAD}"
EndProject
Project("{FAE04EC0-301F-11D3-BF4B-00C04F79EFBC}") = "W02.2.C03", "W02.2.C03\W02.2.C03.csproj", "{646829AF-98CE-45D6-BD4E-F4E1A3D21894}"
EndProject
Project("{FAE04EC0-301F-11D3-BF4B-00C04F79EFBC}") = "W02.2.C04", "W02.2.C04\W02.2.C04.csproj", "{72164F0F-125D-487B-B5C1-05D662466A04}"
EndProject
Project("{FAE04EC0-301F-11D3-BF4B-00C04F79EFBC}") = "W02.2.C05", "W02.2.C05\W02.2.C05.csproj", "{B101B8EB-B744-4277-BBF3-9203649FBB23}"
EndProject
Project("{FAE04EC0-301F-11D3-BF4B-00C04F79EFBC}") = "W02.2.C06", "W02.2.C06\W02.2.C06.csproj", "{39C8CA6A-DFDB-432B-96E5-8130B10774C7}"
EndProject
Project("{FAE04EC0-301F-11D3-BF4B-00C04F79EFBC}") = "W02.2.C07", "W02.2.C07\W02.2.C07.csproj", "{0D768F55-08BC-4226-A930-E1300C5BF8C2}"
EndProject
Project("{FAE04EC0-301F-11D3-BF4B-00C04F79EFBC}") = "W02.2.C08", "W02.2.C08\W02.2.C08.csproj", "{4BBEA681-BEF8-4FD7-8B07-CAA57DA2C00C}"
EndProject
Project("{FAE04EC0-301F-11D3-BF4B-00C04F79EFBC}") = "W02.2.C09", "W02.2.C09\W02.2.C09.csproj", "{2CE5EE8A-21F6-45A7-9A57-0284436F6680}"
EndProject
Project("{2150E333-8FDC-42A3-9474-1A3956D46DE8}") = "Week 3", "Week 3", "{24D9D3E1-E045-4B05-A831-14E0011C7791}"
EndProject
Project("{2150E333-8FDC-42A3-9474-1A3956D46DE8}") = "Day 1", "Day 1", "{EF8F1E58-5439-4F2A-9286-C2ACAB20F458}"
EndProject
Project("{FAE04EC0-301F-11D3-BF4B-00C04F79EFBC}") = "W03.1.C01", "W03.1.C01\W03.1.C01.csproj", "{AE2A030A-1F4D-46B4-A7E9-2543718F1C6A}"
EndProject
Project("{2150E333-8FDC-42A3-9474-1A3956D46DE8}") = "Day 2", "Day 2", "{CF8586AE-A599-4782-97A5-09FE9F959D56}"
EndProject
Project("{FAE04EC0-301F-11D3-BF4B-00C04F79EFBC}") = "W03.1.C02", "W03.1.C02\W03.1.C02.csproj", "{0FDE2BA7-0352-498C-BF15-88636E97A56F}"
EndProject
Project("{FAE04EC0-301F-11D3-BF4B-00C04F79EFBC}") = "W03.1.C03", "W03.1.C03\W03.1.C03.csproj", "{607D8540-7BF1-45CD-9FC8-CC8B6FBDA540}"
EndProject
Project("{FAE04EC0-301F-11D3-BF4B-00C04F79EFBC}") = "W03.1.C05", "W03.1.C05\W03.1.C05.csproj", "{7C830C27-A466-4625-BA3C-6921053A321F}"
EndProject
Project("{2150E333-8FDC-42A3-9474-1A3956D46DE8}") = "Week 4", "Week 4", "{F3A3CBB1-76A6-40CA-836C-6DAD2CB9F5DF}"
EndProject
Project("{2150E333-8FDC-42A3-9474-1A3956D46DE8}") = "Day 1", "Day 1", "{DADCB79C-B9F7-4017-9900-38DD34ABA314}"
EndProject
Project("{FAE04EC0-301F-11D3-BF4B-00C04F79EFBC}") = "W04.1.C01", "W04.1.C01\W04.1.C01.csproj", "{725D29E0-8E48-4276-AC95-7519309FE112}"
EndProject
Project("{FAE04EC0-301F-11D3-BF4B-00C04F79EFBC}") = "W04.1.C02", "W04.1.C02\W04.1.C02.csproj", "{49975A5A-DC6C-4A47-8AD8-43C24C0FA88B}"
EndProject
Project("{FAE04EC0-301F-11D3-BF4B-00C04F79EFBC}") = "W04.1.C03", "W04.1.C03\W04.1.C03.csproj", "{0CCB1E3D-ADE4-43AF-AF41-2CCA89AFD722}"
EndProject
Project("{FAE04EC0-301F-11D3-BF4B-00C04F79EFBC}") = "W04.1.C04", "W04.1.C04\W04.1.C04.csproj", "{B90681A6-E63B-48B9-9680-96F097344D18}"
EndProject
Project("{2150E333-8FDC-42A3-9474-1A3956D46DE8}") = "Day 2", "Day 2", "{F6EE5203-8832-44F2-AE03-CB53DF960D47}"
EndProject
Project("{FAE04EC0-301F-11D3-BF4B-00C04F79EFBC}") = "W04.1.C05", "W04.1.C05\W04.1.C05.csproj", "{46D404CD-F348-4A6E-9763-C6F58ABFC91D}"
EndProject
Project("{FAE04EC0-301F-11D3-BF4B-00C04F79EFBC}") = "W04.1.C06", "W04.1.C06\W04.1.C06.csproj", "{87794738-AD4D-42AC-9796-10C052E611C8}"
EndProject
Project("{FAE04EC0-301F-11D3-BF4B-00C04F79EFBC}") = "W04.2.C01", "W04.2.C01\W04.2.C01.csproj", "{B8E69AC1-6B1E-46B0-8BF5-9C4209E88C58}"
EndProject
Project("{FAE04EC0-301F-11D3-BF4B-00C04F79EFBC}") = "W04.2.C02", "W04.2.C02\W04.2.C02.csproj", "{DD170C7C-EF37-4C07-A60F-846CDF7FFDC4}"
EndProject
Project("{FAE04EC0-301F-11D3-BF4B-00C04F79EFBC}") = "W04.2.C03", "W04.2.C03\W04.2.C03.csproj", "{DC89B6AB-69BB-4706-82BC-114A689CB3D1}"
EndProject
Project("{2150E333-8FDC-42A3-9474-1A3956D46DE8}") = "Week 5", "Week 5", "{2BCFEDDF-9057-42DA-A953-56F21877AF83}"
EndProject
Project("{2150E333-8FDC-42A3-9474-1A3956D46DE8}") = "Day 1", "Day 1", "{70B64009-2D01-41E8-9EA2-0AFA0DE80DC7}"
EndProject
Project("{FAE04EC0-301F-11D3-BF4B-00C04F79EFBC}") = "W05.1.C01", "W05.1.C01\W05.1.C01.csproj", "{B90ED205-5DA2-46D8-96A0-7D1F39871506}"
EndProject
Project("{FAE04EC0-301F-11D3-BF4B-00C04F79EFBC}") = "W05.1.C02", "W05.1.C02\W05.1.C02.csproj", "{534EB03C-91B4-4AEB-8F4C-26C3A9DEB9DC}"
EndProject
Project("{FAE04EC0-301F-11D3-BF4B-00C04F79EFBC}") = "W05.1.C03", "W05.1.C03\W05.1.C03.csproj", "{255960FA-2159-41BE-B1C7-E09AA55E91FA}"
EndProject
Project("{FAE04EC0-301F-11D3-BF4B-00C04F79EFBC}") = "W05.1.C04", "W05.1.C04\W05.1.C04.csproj", "{B90E895E-518A-424A-A565-F92168E80ED2}"
EndProject
Project("{FAE04EC0-301F-11D3-BF4B-00C04F79EFBC}") = "W05.1.C05", "W05.1.C05\W05.1.C05.csproj", "{1315A1C8-185E-4AA8-89D2-C3EBE0D8B950}"
EndProject
Project("{FAE04EC0-301F-11D3-BF4B-00C04F79EFBC}") = "W05.1.C06", "W05.1.C06\W05.1.C06.csproj", "{DCC18F73-DDD3-4808-878E-9E848D1F50A1}"
EndProject
Project("{FAE04EC0-301F-11D3-BF4B-00C04F79EFBC}") = "W05.1.C07", "W05.1.C07\W05.1.C07.csproj", "{DB2933C7-3D57-45BA-9936-A92CA30D1370}"
EndProject
Project("{FAE04EC0-301F-11D3-BF4B-00C04F79EFBC}") = "W05.1.C08", "W05.1.C08\W05.1.C08.csproj", "{01A86049-D226-474B-8290-EE38F5517CF3}"
EndProject
Project("{2150E333-8FDC-42A3-9474-1A3956D46DE8}") = "Day 2", "Day 2", "{231C7A57-B3F5-4463-AAA8-33599B5C5271}"
EndProject
Project("{FAE04EC0-301F-11D3-BF4B-00C04F79EFBC}") = "W05.2.C01", "W05.2.C01\W05.2.C01.csproj", "{36FD38A6-9607-4E94-B5B1-055936626410}"
EndProject
Project("{FAE04EC0-301F-11D3-BF4B-00C04F79EFBC}") = "W05.2.C02", "W05.2.C02\W05.2.C02.csproj", "{FE42E376-9B08-412B-9EA1-65679577D78C}"
EndProject
Project("{FAE04EC0-301F-11D3-BF4B-00C04F79EFBC}") = "Oefen Examen", "Oefen Examen\Oefen Examen.csproj", "{A529984A-8EFB-49E3-A4B9-589916D810E0}"
EndProject
Project("{2150E333-8FDC-42A3-9474-1A3956D46DE8}") = "Oefen Examen", "Oefen Examen", "{53039C3C-2CAC-40AA-AA08-65C7ABAB8F63}"
EndProject
Project("{FAE04EC0-301F-11D3-BF4B-00C04F79EFBC}") = "Assignment 1", "Oefen Examen\Assignment 1\Assignment 1.csproj", "{F767C962-390F-478C-B606-4A31D8639C83}"
EndProject
Project("{FAE04EC0-301F-11D3-BF4B-00C04F79EFBC}") = "Assignment 2", "Oefen Examen\Assignment 2\Assignment 2.csproj", "{342E768B-8AE0-42AD-A9C3-5BBBD0765B12}"
EndProject
Global
	GlobalSection(SolutionConfigurationPlatforms) = preSolution
		Debug|Any CPU = Debug|Any CPU
		Release|Any CPU = Release|Any CPU
	EndGlobalSection
	GlobalSection(ProjectConfigurationPlatforms) = postSolution
		{F632D006-EDF2-47E0-86D6-931DBEE04B78}.Debug|Any CPU.ActiveCfg = Debug|Any CPU
		{F632D006-EDF2-47E0-86D6-931DBEE04B78}.Debug|Any CPU.Build.0 = Debug|Any CPU
		{F632D006-EDF2-47E0-86D6-931DBEE04B78}.Release|Any CPU.ActiveCfg = Release|Any CPU
		{F632D006-EDF2-47E0-86D6-931DBEE04B78}.Release|Any CPU.Build.0 = Release|Any CPU
		{6EBDA063-676F-446F-BA8A-E7A3E0344853}.Debug|Any CPU.ActiveCfg = Debug|Any CPU
		{6EBDA063-676F-446F-BA8A-E7A3E0344853}.Debug|Any CPU.Build.0 = Debug|Any CPU
		{6EBDA063-676F-446F-BA8A-E7A3E0344853}.Release|Any CPU.ActiveCfg = Release|Any CPU
		{6EBDA063-676F-446F-BA8A-E7A3E0344853}.Release|Any CPU.Build.0 = Release|Any CPU
		{B77E7A9D-D2A8-4C0A-B08E-FA6F1E121452}.Debug|Any CPU.ActiveCfg = Debug|Any CPU
		{B77E7A9D-D2A8-4C0A-B08E-FA6F1E121452}.Debug|Any CPU.Build.0 = Debug|Any CPU
		{B77E7A9D-D2A8-4C0A-B08E-FA6F1E121452}.Release|Any CPU.ActiveCfg = Release|Any CPU
		{B77E7A9D-D2A8-4C0A-B08E-FA6F1E121452}.Release|Any CPU.Build.0 = Release|Any CPU
		{60786335-36DA-4E0D-B673-B61C7CB16C5F}.Debug|Any CPU.ActiveCfg = Debug|Any CPU
		{60786335-36DA-4E0D-B673-B61C7CB16C5F}.Debug|Any CPU.Build.0 = Debug|Any CPU
		{60786335-36DA-4E0D-B673-B61C7CB16C5F}.Release|Any CPU.ActiveCfg = Release|Any CPU
		{60786335-36DA-4E0D-B673-B61C7CB16C5F}.Release|Any CPU.Build.0 = Release|Any CPU
		{16DF0167-0D63-41C2-B23E-F5C395D19BB4}.Debug|Any CPU.ActiveCfg = Debug|Any CPU
		{16DF0167-0D63-41C2-B23E-F5C395D19BB4}.Debug|Any CPU.Build.0 = Debug|Any CPU
		{16DF0167-0D63-41C2-B23E-F5C395D19BB4}.Release|Any CPU.ActiveCfg = Release|Any CPU
		{16DF0167-0D63-41C2-B23E-F5C395D19BB4}.Release|Any CPU.Build.0 = Release|Any CPU
		{81011C05-A721-4FE0-8835-8D5624B71232}.Debug|Any CPU.ActiveCfg = Debug|Any CPU
		{81011C05-A721-4FE0-8835-8D5624B71232}.Debug|Any CPU.Build.0 = Debug|Any CPU
		{81011C05-A721-4FE0-8835-8D5624B71232}.Release|Any CPU.ActiveCfg = Release|Any CPU
		{81011C05-A721-4FE0-8835-8D5624B71232}.Release|Any CPU.Build.0 = Release|Any CPU
		{4B4ECF08-2C5E-4B67-B6B0-6C078548F90A}.Debug|Any CPU.ActiveCfg = Debug|Any CPU
		{4B4ECF08-2C5E-4B67-B6B0-6C078548F90A}.Debug|Any CPU.Build.0 = Debug|Any CPU
		{4B4ECF08-2C5E-4B67-B6B0-6C078548F90A}.Release|Any CPU.ActiveCfg = Release|Any CPU
		{4B4ECF08-2C5E-4B67-B6B0-6C078548F90A}.Release|Any CPU.Build.0 = Release|Any CPU
		{1CDEB8F5-804F-4E9F-BBBB-39F500BFD338}.Debug|Any CPU.ActiveCfg = Debug|Any CPU
		{1CDEB8F5-804F-4E9F-BBBB-39F500BFD338}.Debug|Any CPU.Build.0 = Debug|Any CPU
		{1CDEB8F5-804F-4E9F-BBBB-39F500BFD338}.Release|Any CPU.ActiveCfg = Release|Any CPU
		{1CDEB8F5-804F-4E9F-BBBB-39F500BFD338}.Release|Any CPU.Build.0 = Release|Any CPU
		{C9BE9A88-6F73-4DE3-90B0-BAC002EAB09A}.Debug|Any CPU.ActiveCfg = Debug|Any CPU
		{C9BE9A88-6F73-4DE3-90B0-BAC002EAB09A}.Debug|Any CPU.Build.0 = Debug|Any CPU
		{C9BE9A88-6F73-4DE3-90B0-BAC002EAB09A}.Release|Any CPU.ActiveCfg = Release|Any CPU
		{C9BE9A88-6F73-4DE3-90B0-BAC002EAB09A}.Release|Any CPU.Build.0 = Release|Any CPU
		{458AF785-BEC6-4E41-9832-64500BD6BFD0}.Debug|Any CPU.ActiveCfg = Debug|Any CPU
		{458AF785-BEC6-4E41-9832-64500BD6BFD0}.Debug|Any CPU.Build.0 = Debug|Any CPU
		{458AF785-BEC6-4E41-9832-64500BD6BFD0}.Release|Any CPU.ActiveCfg = Release|Any CPU
		{458AF785-BEC6-4E41-9832-64500BD6BFD0}.Release|Any CPU.Build.0 = Release|Any CPU
		{5749B9A6-3B0A-4B74-B922-FF0E873FDAE6}.Debug|Any CPU.ActiveCfg = Debug|Any CPU
		{5749B9A6-3B0A-4B74-B922-FF0E873FDAE6}.Debug|Any CPU.Build.0 = Debug|Any CPU
		{5749B9A6-3B0A-4B74-B922-FF0E873FDAE6}.Release|Any CPU.ActiveCfg = Release|Any CPU
		{5749B9A6-3B0A-4B74-B922-FF0E873FDAE6}.Release|Any CPU.Build.0 = Release|Any CPU
		{8AF8416E-AFB1-48EA-847C-28DC794D3E3E}.Debug|Any CPU.ActiveCfg = Debug|Any CPU
		{8AF8416E-AFB1-48EA-847C-28DC794D3E3E}.Debug|Any CPU.Build.0 = Debug|Any CPU
		{8AF8416E-AFB1-48EA-847C-28DC794D3E3E}.Release|Any CPU.ActiveCfg = Release|Any CPU
		{8AF8416E-AFB1-48EA-847C-28DC794D3E3E}.Release|Any CPU.Build.0 = Release|Any CPU
		{50426073-63EB-4C6A-A104-255AF15F2597}.Debug|Any CPU.ActiveCfg = Debug|Any CPU
		{50426073-63EB-4C6A-A104-255AF15F2597}.Debug|Any CPU.Build.0 = Debug|Any CPU
		{50426073-63EB-4C6A-A104-255AF15F2597}.Release|Any CPU.ActiveCfg = Release|Any CPU
		{50426073-63EB-4C6A-A104-255AF15F2597}.Release|Any CPU.Build.0 = Release|Any CPU
		{5B8C0D60-9AEA-4A74-BB19-3944C5D648C9}.Debug|Any CPU.ActiveCfg = Debug|Any CPU
		{5B8C0D60-9AEA-4A74-BB19-3944C5D648C9}.Debug|Any CPU.Build.0 = Debug|Any CPU
		{5B8C0D60-9AEA-4A74-BB19-3944C5D648C9}.Release|Any CPU.ActiveCfg = Release|Any CPU
		{5B8C0D60-9AEA-4A74-BB19-3944C5D648C9}.Release|Any CPU.Build.0 = Release|Any CPU
		{D15A7FD8-3F3C-428E-B25D-BFCD73D5E67B}.Debug|Any CPU.ActiveCfg = Debug|Any CPU
		{D15A7FD8-3F3C-428E-B25D-BFCD73D5E67B}.Debug|Any CPU.Build.0 = Debug|Any CPU
		{D15A7FD8-3F3C-428E-B25D-BFCD73D5E67B}.Release|Any CPU.ActiveCfg = Release|Any CPU
		{D15A7FD8-3F3C-428E-B25D-BFCD73D5E67B}.Release|Any CPU.Build.0 = Release|Any CPU
		{64D83666-3FCB-4077-BF91-4060B41A9A09}.Debug|Any CPU.ActiveCfg = Debug|Any CPU
		{64D83666-3FCB-4077-BF91-4060B41A9A09}.Debug|Any CPU.Build.0 = Debug|Any CPU
		{64D83666-3FCB-4077-BF91-4060B41A9A09}.Release|Any CPU.ActiveCfg = Release|Any CPU
		{64D83666-3FCB-4077-BF91-4060B41A9A09}.Release|Any CPU.Build.0 = Release|Any CPU
		{9D355E37-C54B-4B02-BC03-8E2EB6E9056E}.Debug|Any CPU.ActiveCfg = Debug|Any CPU
		{9D355E37-C54B-4B02-BC03-8E2EB6E9056E}.Debug|Any CPU.Build.0 = Debug|Any CPU
		{9D355E37-C54B-4B02-BC03-8E2EB6E9056E}.Release|Any CPU.ActiveCfg = Release|Any CPU
		{9D355E37-C54B-4B02-BC03-8E2EB6E9056E}.Release|Any CPU.Build.0 = Release|Any CPU
		{212D5030-151A-4456-A0A3-916C94D03276}.Debug|Any CPU.ActiveCfg = Debug|Any CPU
		{212D5030-151A-4456-A0A3-916C94D03276}.Debug|Any CPU.Build.0 = Debug|Any CPU
		{212D5030-151A-4456-A0A3-916C94D03276}.Release|Any CPU.ActiveCfg = Release|Any CPU
		{212D5030-151A-4456-A0A3-916C94D03276}.Release|Any CPU.Build.0 = Release|Any CPU
		{1ACB8A4F-D0DA-4246-BAF5-F8E321623BD2}.Debug|Any CPU.ActiveCfg = Debug|Any CPU
		{1ACB8A4F-D0DA-4246-BAF5-F8E321623BD2}.Debug|Any CPU.Build.0 = Debug|Any CPU
		{1ACB8A4F-D0DA-4246-BAF5-F8E321623BD2}.Release|Any CPU.ActiveCfg = Release|Any CPU
		{1ACB8A4F-D0DA-4246-BAF5-F8E321623BD2}.Release|Any CPU.Build.0 = Release|Any CPU
		{55825794-D6A0-4208-9E46-3EF1627AF7CC}.Debug|Any CPU.ActiveCfg = Debug|Any CPU
		{55825794-D6A0-4208-9E46-3EF1627AF7CC}.Debug|Any CPU.Build.0 = Debug|Any CPU
		{55825794-D6A0-4208-9E46-3EF1627AF7CC}.Release|Any CPU.ActiveCfg = Release|Any CPU
		{55825794-D6A0-4208-9E46-3EF1627AF7CC}.Release|Any CPU.Build.0 = Release|Any CPU
		{7438A2A2-987F-4402-B455-FE610B976C45}.Debug|Any CPU.ActiveCfg = Debug|Any CPU
		{7438A2A2-987F-4402-B455-FE610B976C45}.Debug|Any CPU.Build.0 = Debug|Any CPU
		{7438A2A2-987F-4402-B455-FE610B976C45}.Release|Any CPU.ActiveCfg = Release|Any CPU
		{7438A2A2-987F-4402-B455-FE610B976C45}.Release|Any CPU.Build.0 = Release|Any CPU
		{B9B57C43-1D96-42FD-BDF3-799A154C744D}.Debug|Any CPU.ActiveCfg = Debug|Any CPU
		{B9B57C43-1D96-42FD-BDF3-799A154C744D}.Debug|Any CPU.Build.0 = Debug|Any CPU
		{B9B57C43-1D96-42FD-BDF3-799A154C744D}.Release|Any CPU.ActiveCfg = Release|Any CPU
		{B9B57C43-1D96-42FD-BDF3-799A154C744D}.Release|Any CPU.Build.0 = Release|Any CPU
		{3DEA4C32-EA79-408E-99BB-81C619275C7E}.Debug|Any CPU.ActiveCfg = Debug|Any CPU
		{3DEA4C32-EA79-408E-99BB-81C619275C7E}.Debug|Any CPU.Build.0 = Debug|Any CPU
		{3DEA4C32-EA79-408E-99BB-81C619275C7E}.Release|Any CPU.ActiveCfg = Release|Any CPU
		{3DEA4C32-EA79-408E-99BB-81C619275C7E}.Release|Any CPU.Build.0 = Release|Any CPU
		{89DE52CB-3B23-43D8-A601-E62D5F00FE26}.Debug|Any CPU.ActiveCfg = Debug|Any CPU
		{89DE52CB-3B23-43D8-A601-E62D5F00FE26}.Debug|Any CPU.Build.0 = Debug|Any CPU
		{89DE52CB-3B23-43D8-A601-E62D5F00FE26}.Release|Any CPU.ActiveCfg = Release|Any CPU
		{89DE52CB-3B23-43D8-A601-E62D5F00FE26}.Release|Any CPU.Build.0 = Release|Any CPU
		{A43EAD86-E701-4EAD-BC83-27C3C68A868E}.Debug|Any CPU.ActiveCfg = Debug|Any CPU
		{A43EAD86-E701-4EAD-BC83-27C3C68A868E}.Debug|Any CPU.Build.0 = Debug|Any CPU
		{A43EAD86-E701-4EAD-BC83-27C3C68A868E}.Release|Any CPU.ActiveCfg = Release|Any CPU
		{A43EAD86-E701-4EAD-BC83-27C3C68A868E}.Release|Any CPU.Build.0 = Release|Any CPU
		{297F30E8-BE40-4CF8-A218-2965F1465258}.Debug|Any CPU.ActiveCfg = Debug|Any CPU
		{297F30E8-BE40-4CF8-A218-2965F1465258}.Debug|Any CPU.Build.0 = Debug|Any CPU
		{297F30E8-BE40-4CF8-A218-2965F1465258}.Release|Any CPU.ActiveCfg = Release|Any CPU
		{297F30E8-BE40-4CF8-A218-2965F1465258}.Release|Any CPU.Build.0 = Release|Any CPU
		{7F59015F-E635-490B-A1F4-187DC73CDAB7}.Debug|Any CPU.ActiveCfg = Debug|Any CPU
		{7F59015F-E635-490B-A1F4-187DC73CDAB7}.Debug|Any CPU.Build.0 = Debug|Any CPU
		{7F59015F-E635-490B-A1F4-187DC73CDAB7}.Release|Any CPU.ActiveCfg = Release|Any CPU
		{7F59015F-E635-490B-A1F4-187DC73CDAB7}.Release|Any CPU.Build.0 = Release|Any CPU
		{CA83E7B3-E36A-41B8-8BA3-D139FFE67A00}.Debug|Any CPU.ActiveCfg = Debug|Any CPU
		{CA83E7B3-E36A-41B8-8BA3-D139FFE67A00}.Debug|Any CPU.Build.0 = Debug|Any CPU
		{CA83E7B3-E36A-41B8-8BA3-D139FFE67A00}.Release|Any CPU.ActiveCfg = Release|Any CPU
		{CA83E7B3-E36A-41B8-8BA3-D139FFE67A00}.Release|Any CPU.Build.0 = Release|Any CPU
		{DC08520D-B1B9-44AD-B07E-247833906C89}.Debug|Any CPU.ActiveCfg = Debug|Any CPU
		{DC08520D-B1B9-44AD-B07E-247833906C89}.Debug|Any CPU.Build.0 = Debug|Any CPU
		{DC08520D-B1B9-44AD-B07E-247833906C89}.Release|Any CPU.ActiveCfg = Release|Any CPU
		{DC08520D-B1B9-44AD-B07E-247833906C89}.Release|Any CPU.Build.0 = Release|Any CPU
		{8FBDFE2D-158F-42D2-9A34-7F9CEE75926D}.Debug|Any CPU.ActiveCfg = Debug|Any CPU
		{8FBDFE2D-158F-42D2-9A34-7F9CEE75926D}.Debug|Any CPU.Build.0 = Debug|Any CPU
		{8FBDFE2D-158F-42D2-9A34-7F9CEE75926D}.Release|Any CPU.ActiveCfg = Release|Any CPU
		{8FBDFE2D-158F-42D2-9A34-7F9CEE75926D}.Release|Any CPU.Build.0 = Release|Any CPU
		{8A8E6E1D-6C76-41A4-A374-0A4AE8F5369A}.Debug|Any CPU.ActiveCfg = Debug|Any CPU
		{8A8E6E1D-6C76-41A4-A374-0A4AE8F5369A}.Debug|Any CPU.Build.0 = Debug|Any CPU
		{8A8E6E1D-6C76-41A4-A374-0A4AE8F5369A}.Release|Any CPU.ActiveCfg = Release|Any CPU
		{8A8E6E1D-6C76-41A4-A374-0A4AE8F5369A}.Release|Any CPU.Build.0 = Release|Any CPU
		{8B7C8CC5-201B-46AA-84DD-2FEBA42DFAB9}.Debug|Any CPU.ActiveCfg = Debug|Any CPU
		{8B7C8CC5-201B-46AA-84DD-2FEBA42DFAB9}.Debug|Any CPU.Build.0 = Debug|Any CPU
		{8B7C8CC5-201B-46AA-84DD-2FEBA42DFAB9}.Release|Any CPU.ActiveCfg = Release|Any CPU
		{8B7C8CC5-201B-46AA-84DD-2FEBA42DFAB9}.Release|Any CPU.Build.0 = Release|Any CPU
		{07D8072C-31E7-400B-B779-5A125C056984}.Debug|Any CPU.ActiveCfg = Debug|Any CPU
		{07D8072C-31E7-400B-B779-5A125C056984}.Debug|Any CPU.Build.0 = Debug|Any CPU
		{07D8072C-31E7-400B-B779-5A125C056984}.Release|Any CPU.ActiveCfg = Release|Any CPU
		{07D8072C-31E7-400B-B779-5A125C056984}.Release|Any CPU.Build.0 = Release|Any CPU
		{33C56E06-9D19-4BB0-9250-084FEB6501A8}.Debug|Any CPU.ActiveCfg = Debug|Any CPU
		{33C56E06-9D19-4BB0-9250-084FEB6501A8}.Debug|Any CPU.Build.0 = Debug|Any CPU
		{33C56E06-9D19-4BB0-9250-084FEB6501A8}.Release|Any CPU.ActiveCfg = Release|Any CPU
		{33C56E06-9D19-4BB0-9250-084FEB6501A8}.Release|Any CPU.Build.0 = Release|Any CPU
		{A0D282C7-701F-4622-A46C-0C9BF7A67B30}.Debug|Any CPU.ActiveCfg = Debug|Any CPU
		{A0D282C7-701F-4622-A46C-0C9BF7A67B30}.Debug|Any CPU.Build.0 = Debug|Any CPU
		{A0D282C7-701F-4622-A46C-0C9BF7A67B30}.Release|Any CPU.ActiveCfg = Release|Any CPU
		{A0D282C7-701F-4622-A46C-0C9BF7A67B30}.Release|Any CPU.Build.0 = Release|Any CPU
		{06FF0F6E-E953-4346-BDE1-3852DA31A4B4}.Debug|Any CPU.ActiveCfg = Debug|Any CPU
		{06FF0F6E-E953-4346-BDE1-3852DA31A4B4}.Debug|Any CPU.Build.0 = Debug|Any CPU
		{06FF0F6E-E953-4346-BDE1-3852DA31A4B4}.Release|Any CPU.ActiveCfg = Release|Any CPU
		{06FF0F6E-E953-4346-BDE1-3852DA31A4B4}.Release|Any CPU.Build.0 = Release|Any CPU
		{1EE16B46-307C-415E-BBA0-70CEE5015A18}.Debug|Any CPU.ActiveCfg = Debug|Any CPU
		{1EE16B46-307C-415E-BBA0-70CEE5015A18}.Debug|Any CPU.Build.0 = Debug|Any CPU
		{1EE16B46-307C-415E-BBA0-70CEE5015A18}.Release|Any CPU.ActiveCfg = Release|Any CPU
		{1EE16B46-307C-415E-BBA0-70CEE5015A18}.Release|Any CPU.Build.0 = Release|Any CPU
		{DFE735BC-4E57-4552-A100-F54DE2AF5774}.Debug|Any CPU.ActiveCfg = Debug|Any CPU
		{DFE735BC-4E57-4552-A100-F54DE2AF5774}.Debug|Any CPU.Build.0 = Debug|Any CPU
		{DFE735BC-4E57-4552-A100-F54DE2AF5774}.Release|Any CPU.ActiveCfg = Release|Any CPU
		{DFE735BC-4E57-4552-A100-F54DE2AF5774}.Release|Any CPU.Build.0 = Release|Any CPU
		{E9C98BB4-34E6-418D-81E5-A0A218435CD9}.Debug|Any CPU.ActiveCfg = Debug|Any CPU
		{E9C98BB4-34E6-418D-81E5-A0A218435CD9}.Debug|Any CPU.Build.0 = Debug|Any CPU
		{E9C98BB4-34E6-418D-81E5-A0A218435CD9}.Release|Any CPU.ActiveCfg = Release|Any CPU
		{E9C98BB4-34E6-418D-81E5-A0A218435CD9}.Release|Any CPU.Build.0 = Release|Any CPU
		{DBE844FD-A8DD-4199-A08A-CFC9E884392A}.Debug|Any CPU.ActiveCfg = Debug|Any CPU
		{DBE844FD-A8DD-4199-A08A-CFC9E884392A}.Debug|Any CPU.Build.0 = Debug|Any CPU
		{DBE844FD-A8DD-4199-A08A-CFC9E884392A}.Release|Any CPU.ActiveCfg = Release|Any CPU
		{DBE844FD-A8DD-4199-A08A-CFC9E884392A}.Release|Any CPU.Build.0 = Release|Any CPU
		{6CC651F0-0271-46F7-AAB9-141061602DAD}.Debug|Any CPU.ActiveCfg = Debug|Any CPU
		{6CC651F0-0271-46F7-AAB9-141061602DAD}.Debug|Any CPU.Build.0 = Debug|Any CPU
		{6CC651F0-0271-46F7-AAB9-141061602DAD}.Release|Any CPU.ActiveCfg = Release|Any CPU
		{6CC651F0-0271-46F7-AAB9-141061602DAD}.Release|Any CPU.Build.0 = Release|Any CPU
		{646829AF-98CE-45D6-BD4E-F4E1A3D21894}.Debug|Any CPU.ActiveCfg = Debug|Any CPU
		{646829AF-98CE-45D6-BD4E-F4E1A3D21894}.Debug|Any CPU.Build.0 = Debug|Any CPU
		{646829AF-98CE-45D6-BD4E-F4E1A3D21894}.Release|Any CPU.ActiveCfg = Release|Any CPU
		{646829AF-98CE-45D6-BD4E-F4E1A3D21894}.Release|Any CPU.Build.0 = Release|Any CPU
		{72164F0F-125D-487B-B5C1-05D662466A04}.Debug|Any CPU.ActiveCfg = Debug|Any CPU
		{72164F0F-125D-487B-B5C1-05D662466A04}.Debug|Any CPU.Build.0 = Debug|Any CPU
		{72164F0F-125D-487B-B5C1-05D662466A04}.Release|Any CPU.ActiveCfg = Release|Any CPU
		{72164F0F-125D-487B-B5C1-05D662466A04}.Release|Any CPU.Build.0 = Release|Any CPU
		{B101B8EB-B744-4277-BBF3-9203649FBB23}.Debug|Any CPU.ActiveCfg = Debug|Any CPU
		{B101B8EB-B744-4277-BBF3-9203649FBB23}.Debug|Any CPU.Build.0 = Debug|Any CPU
		{B101B8EB-B744-4277-BBF3-9203649FBB23}.Release|Any CPU.ActiveCfg = Release|Any CPU
		{B101B8EB-B744-4277-BBF3-9203649FBB23}.Release|Any CPU.Build.0 = Release|Any CPU
		{39C8CA6A-DFDB-432B-96E5-8130B10774C7}.Debug|Any CPU.ActiveCfg = Debug|Any CPU
		{39C8CA6A-DFDB-432B-96E5-8130B10774C7}.Debug|Any CPU.Build.0 = Debug|Any CPU
		{39C8CA6A-DFDB-432B-96E5-8130B10774C7}.Release|Any CPU.ActiveCfg = Release|Any CPU
		{39C8CA6A-DFDB-432B-96E5-8130B10774C7}.Release|Any CPU.Build.0 = Release|Any CPU
		{0D768F55-08BC-4226-A930-E1300C5BF8C2}.Debug|Any CPU.ActiveCfg = Debug|Any CPU
		{0D768F55-08BC-4226-A930-E1300C5BF8C2}.Debug|Any CPU.Build.0 = Debug|Any CPU
		{0D768F55-08BC-4226-A930-E1300C5BF8C2}.Release|Any CPU.ActiveCfg = Release|Any CPU
		{0D768F55-08BC-4226-A930-E1300C5BF8C2}.Release|Any CPU.Build.0 = Release|Any CPU
		{4BBEA681-BEF8-4FD7-8B07-CAA57DA2C00C}.Debug|Any CPU.ActiveCfg = Debug|Any CPU
		{4BBEA681-BEF8-4FD7-8B07-CAA57DA2C00C}.Debug|Any CPU.Build.0 = Debug|Any CPU
		{4BBEA681-BEF8-4FD7-8B07-CAA57DA2C00C}.Release|Any CPU.ActiveCfg = Release|Any CPU
		{4BBEA681-BEF8-4FD7-8B07-CAA57DA2C00C}.Release|Any CPU.Build.0 = Release|Any CPU
		{2CE5EE8A-21F6-45A7-9A57-0284436F6680}.Debug|Any CPU.ActiveCfg = Debug|Any CPU
		{2CE5EE8A-21F6-45A7-9A57-0284436F6680}.Debug|Any CPU.Build.0 = Debug|Any CPU
		{2CE5EE8A-21F6-45A7-9A57-0284436F6680}.Release|Any CPU.ActiveCfg = Release|Any CPU
		{2CE5EE8A-21F6-45A7-9A57-0284436F6680}.Release|Any CPU.Build.0 = Release|Any CPU
		{AE2A030A-1F4D-46B4-A7E9-2543718F1C6A}.Debug|Any CPU.ActiveCfg = Debug|Any CPU
		{AE2A030A-1F4D-46B4-A7E9-2543718F1C6A}.Debug|Any CPU.Build.0 = Debug|Any CPU
		{AE2A030A-1F4D-46B4-A7E9-2543718F1C6A}.Release|Any CPU.ActiveCfg = Release|Any CPU
		{AE2A030A-1F4D-46B4-A7E9-2543718F1C6A}.Release|Any CPU.Build.0 = Release|Any CPU
		{0FDE2BA7-0352-498C-BF15-88636E97A56F}.Debug|Any CPU.ActiveCfg = Debug|Any CPU
		{0FDE2BA7-0352-498C-BF15-88636E97A56F}.Debug|Any CPU.Build.0 = Debug|Any CPU
		{0FDE2BA7-0352-498C-BF15-88636E97A56F}.Release|Any CPU.ActiveCfg = Release|Any CPU
		{0FDE2BA7-0352-498C-BF15-88636E97A56F}.Release|Any CPU.Build.0 = Release|Any CPU
		{607D8540-7BF1-45CD-9FC8-CC8B6FBDA540}.Debug|Any CPU.ActiveCfg = Debug|Any CPU
		{607D8540-7BF1-45CD-9FC8-CC8B6FBDA540}.Debug|Any CPU.Build.0 = Debug|Any CPU
		{607D8540-7BF1-45CD-9FC8-CC8B6FBDA540}.Release|Any CPU.ActiveCfg = Release|Any CPU
		{607D8540-7BF1-45CD-9FC8-CC8B6FBDA540}.Release|Any CPU.Build.0 = Release|Any CPU
		{7C830C27-A466-4625-BA3C-6921053A321F}.Debug|Any CPU.ActiveCfg = Debug|Any CPU
		{7C830C27-A466-4625-BA3C-6921053A321F}.Debug|Any CPU.Build.0 = Debug|Any CPU
		{7C830C27-A466-4625-BA3C-6921053A321F}.Release|Any CPU.ActiveCfg = Release|Any CPU
		{7C830C27-A466-4625-BA3C-6921053A321F}.Release|Any CPU.Build.0 = Release|Any CPU
		{725D29E0-8E48-4276-AC95-7519309FE112}.Debug|Any CPU.ActiveCfg = Debug|Any CPU
		{725D29E0-8E48-4276-AC95-7519309FE112}.Debug|Any CPU.Build.0 = Debug|Any CPU
		{725D29E0-8E48-4276-AC95-7519309FE112}.Release|Any CPU.ActiveCfg = Release|Any CPU
		{725D29E0-8E48-4276-AC95-7519309FE112}.Release|Any CPU.Build.0 = Release|Any CPU
		{49975A5A-DC6C-4A47-8AD8-43C24C0FA88B}.Debug|Any CPU.ActiveCfg = Debug|Any CPU
		{49975A5A-DC6C-4A47-8AD8-43C24C0FA88B}.Debug|Any CPU.Build.0 = Debug|Any CPU
		{49975A5A-DC6C-4A47-8AD8-43C24C0FA88B}.Release|Any CPU.ActiveCfg = Release|Any CPU
		{49975A5A-DC6C-4A47-8AD8-43C24C0FA88B}.Release|Any CPU.Build.0 = Release|Any CPU
		{0CCB1E3D-ADE4-43AF-AF41-2CCA89AFD722}.Debug|Any CPU.ActiveCfg = Debug|Any CPU
		{0CCB1E3D-ADE4-43AF-AF41-2CCA89AFD722}.Debug|Any CPU.Build.0 = Debug|Any CPU
		{0CCB1E3D-ADE4-43AF-AF41-2CCA89AFD722}.Release|Any CPU.ActiveCfg = Release|Any CPU
		{0CCB1E3D-ADE4-43AF-AF41-2CCA89AFD722}.Release|Any CPU.Build.0 = Release|Any CPU
		{B90681A6-E63B-48B9-9680-96F097344D18}.Debug|Any CPU.ActiveCfg = Debug|Any CPU
		{B90681A6-E63B-48B9-9680-96F097344D18}.Debug|Any CPU.Build.0 = Debug|Any CPU
		{B90681A6-E63B-48B9-9680-96F097344D18}.Release|Any CPU.ActiveCfg = Release|Any CPU
		{B90681A6-E63B-48B9-9680-96F097344D18}.Release|Any CPU.Build.0 = Release|Any CPU
		{46D404CD-F348-4A6E-9763-C6F58ABFC91D}.Debug|Any CPU.ActiveCfg = Debug|Any CPU
		{46D404CD-F348-4A6E-9763-C6F58ABFC91D}.Debug|Any CPU.Build.0 = Debug|Any CPU
		{46D404CD-F348-4A6E-9763-C6F58ABFC91D}.Release|Any CPU.ActiveCfg = Release|Any CPU
		{46D404CD-F348-4A6E-9763-C6F58ABFC91D}.Release|Any CPU.Build.0 = Release|Any CPU
		{87794738-AD4D-42AC-9796-10C052E611C8}.Debug|Any CPU.ActiveCfg = Debug|Any CPU
		{87794738-AD4D-42AC-9796-10C052E611C8}.Debug|Any CPU.Build.0 = Debug|Any CPU
		{87794738-AD4D-42AC-9796-10C052E611C8}.Release|Any CPU.ActiveCfg = Release|Any CPU
		{87794738-AD4D-42AC-9796-10C052E611C8}.Release|Any CPU.Build.0 = Release|Any CPU
		{B8E69AC1-6B1E-46B0-8BF5-9C4209E88C58}.Debug|Any CPU.ActiveCfg = Debug|Any CPU
		{B8E69AC1-6B1E-46B0-8BF5-9C4209E88C58}.Debug|Any CPU.Build.0 = Debug|Any CPU
		{B8E69AC1-6B1E-46B0-8BF5-9C4209E88C58}.Release|Any CPU.ActiveCfg = Release|Any CPU
		{B8E69AC1-6B1E-46B0-8BF5-9C4209E88C58}.Release|Any CPU.Build.0 = Release|Any CPU
		{DD170C7C-EF37-4C07-A60F-846CDF7FFDC4}.Debug|Any CPU.ActiveCfg = Debug|Any CPU
		{DD170C7C-EF37-4C07-A60F-846CDF7FFDC4}.Debug|Any CPU.Build.0 = Debug|Any CPU
		{DD170C7C-EF37-4C07-A60F-846CDF7FFDC4}.Release|Any CPU.ActiveCfg = Release|Any CPU
		{DD170C7C-EF37-4C07-A60F-846CDF7FFDC4}.Release|Any CPU.Build.0 = Release|Any CPU
		{DC89B6AB-69BB-4706-82BC-114A689CB3D1}.Debug|Any CPU.ActiveCfg = Debug|Any CPU
		{DC89B6AB-69BB-4706-82BC-114A689CB3D1}.Debug|Any CPU.Build.0 = Debug|Any CPU
		{DC89B6AB-69BB-4706-82BC-114A689CB3D1}.Release|Any CPU.ActiveCfg = Release|Any CPU
		{DC89B6AB-69BB-4706-82BC-114A689CB3D1}.Release|Any CPU.Build.0 = Release|Any CPU
		{B90ED205-5DA2-46D8-96A0-7D1F39871506}.Debug|Any CPU.ActiveCfg = Debug|Any CPU
		{B90ED205-5DA2-46D8-96A0-7D1F39871506}.Debug|Any CPU.Build.0 = Debug|Any CPU
		{B90ED205-5DA2-46D8-96A0-7D1F39871506}.Release|Any CPU.ActiveCfg = Release|Any CPU
		{B90ED205-5DA2-46D8-96A0-7D1F39871506}.Release|Any CPU.Build.0 = Release|Any CPU
		{534EB03C-91B4-4AEB-8F4C-26C3A9DEB9DC}.Debug|Any CPU.ActiveCfg = Debug|Any CPU
		{534EB03C-91B4-4AEB-8F4C-26C3A9DEB9DC}.Debug|Any CPU.Build.0 = Debug|Any CPU
		{534EB03C-91B4-4AEB-8F4C-26C3A9DEB9DC}.Release|Any CPU.ActiveCfg = Release|Any CPU
		{534EB03C-91B4-4AEB-8F4C-26C3A9DEB9DC}.Release|Any CPU.Build.0 = Release|Any CPU
		{255960FA-2159-41BE-B1C7-E09AA55E91FA}.Debug|Any CPU.ActiveCfg = Debug|Any CPU
		{255960FA-2159-41BE-B1C7-E09AA55E91FA}.Debug|Any CPU.Build.0 = Debug|Any CPU
		{255960FA-2159-41BE-B1C7-E09AA55E91FA}.Release|Any CPU.ActiveCfg = Release|Any CPU
		{255960FA-2159-41BE-B1C7-E09AA55E91FA}.Release|Any CPU.Build.0 = Release|Any CPU
		{B90E895E-518A-424A-A565-F92168E80ED2}.Debug|Any CPU.ActiveCfg = Debug|Any CPU
		{B90E895E-518A-424A-A565-F92168E80ED2}.Debug|Any CPU.Build.0 = Debug|Any CPU
		{B90E895E-518A-424A-A565-F92168E80ED2}.Release|Any CPU.ActiveCfg = Release|Any CPU
		{B90E895E-518A-424A-A565-F92168E80ED2}.Release|Any CPU.Build.0 = Release|Any CPU
		{1315A1C8-185E-4AA8-89D2-C3EBE0D8B950}.Debug|Any CPU.ActiveCfg = Debug|Any CPU
		{1315A1C8-185E-4AA8-89D2-C3EBE0D8B950}.Debug|Any CPU.Build.0 = Debug|Any CPU
		{1315A1C8-185E-4AA8-89D2-C3EBE0D8B950}.Release|Any CPU.ActiveCfg = Release|Any CPU
		{1315A1C8-185E-4AA8-89D2-C3EBE0D8B950}.Release|Any CPU.Build.0 = Release|Any CPU
		{DCC18F73-DDD3-4808-878E-9E848D1F50A1}.Debug|Any CPU.ActiveCfg = Debug|Any CPU
		{DCC18F73-DDD3-4808-878E-9E848D1F50A1}.Debug|Any CPU.Build.0 = Debug|Any CPU
		{DCC18F73-DDD3-4808-878E-9E848D1F50A1}.Release|Any CPU.ActiveCfg = Release|Any CPU
		{DCC18F73-DDD3-4808-878E-9E848D1F50A1}.Release|Any CPU.Build.0 = Release|Any CPU
		{DB2933C7-3D57-45BA-9936-A92CA30D1370}.Debug|Any CPU.ActiveCfg = Debug|Any CPU
		{DB2933C7-3D57-45BA-9936-A92CA30D1370}.Debug|Any CPU.Build.0 = Debug|Any CPU
		{DB2933C7-3D57-45BA-9936-A92CA30D1370}.Release|Any CPU.ActiveCfg = Release|Any CPU
		{DB2933C7-3D57-45BA-9936-A92CA30D1370}.Release|Any CPU.Build.0 = Release|Any CPU
		{01A86049-D226-474B-8290-EE38F5517CF3}.Debug|Any CPU.ActiveCfg = Debug|Any CPU
		{01A86049-D226-474B-8290-EE38F5517CF3}.Debug|Any CPU.Build.0 = Debug|Any CPU
		{01A86049-D226-474B-8290-EE38F5517CF3}.Release|Any CPU.ActiveCfg = Release|Any CPU
		{01A86049-D226-474B-8290-EE38F5517CF3}.Release|Any CPU.Build.0 = Release|Any CPU
		{36FD38A6-9607-4E94-B5B1-055936626410}.Debug|Any CPU.ActiveCfg = Debug|Any CPU
		{36FD38A6-9607-4E94-B5B1-055936626410}.Debug|Any CPU.Build.0 = Debug|Any CPU
		{36FD38A6-9607-4E94-B5B1-055936626410}.Release|Any CPU.ActiveCfg = Release|Any CPU
		{36FD38A6-9607-4E94-B5B1-055936626410}.Release|Any CPU.Build.0 = Release|Any CPU
		{FE42E376-9B08-412B-9EA1-65679577D78C}.Debug|Any CPU.ActiveCfg = Debug|Any CPU
		{FE42E376-9B08-412B-9EA1-65679577D78C}.Debug|Any CPU.Build.0 = Debug|Any CPU
		{FE42E376-9B08-412B-9EA1-65679577D78C}.Release|Any CPU.ActiveCfg = Release|Any CPU
		{FE42E376-9B08-412B-9EA1-65679577D78C}.Release|Any CPU.Build.0 = Release|Any CPU
		{A529984A-8EFB-49E3-A4B9-589916D810E0}.Debug|Any CPU.ActiveCfg = Debug|Any CPU
		{A529984A-8EFB-49E3-A4B9-589916D810E0}.Debug|Any CPU.Build.0 = Debug|Any CPU
		{A529984A-8EFB-49E3-A4B9-589916D810E0}.Release|Any CPU.ActiveCfg = Release|Any CPU
		{A529984A-8EFB-49E3-A4B9-589916D810E0}.Release|Any CPU.Build.0 = Release|Any CPU
		{F767C962-390F-478C-B606-4A31D8639C83}.Debug|Any CPU.ActiveCfg = Debug|Any CPU
		{F767C962-390F-478C-B606-4A31D8639C83}.Debug|Any CPU.Build.0 = Debug|Any CPU
		{F767C962-390F-478C-B606-4A31D8639C83}.Release|Any CPU.ActiveCfg = Release|Any CPU
		{F767C962-390F-478C-B606-4A31D8639C83}.Release|Any CPU.Build.0 = Release|Any CPU
		{342E768B-8AE0-42AD-A9C3-5BBBD0765B12}.Debug|Any CPU.ActiveCfg = Debug|Any CPU
		{342E768B-8AE0-42AD-A9C3-5BBBD0765B12}.Debug|Any CPU.Build.0 = Debug|Any CPU
		{342E768B-8AE0-42AD-A9C3-5BBBD0765B12}.Release|Any CPU.ActiveCfg = Release|Any CPU
		{342E768B-8AE0-42AD-A9C3-5BBBD0765B12}.Release|Any CPU.Build.0 = Release|Any CPU
	EndGlobalSection
	GlobalSection(NestedProjects) = preSolution
		{B79CE18E-D954-4513-9824-7ADE44A4C0E3} = {9EA07E27-8436-485C-9893-E2AEBC66038B}
		{8AF8416E-AFB1-48EA-847C-28DC794D3E3E} = {B79CE18E-D954-4513-9824-7ADE44A4C0E3}
		{1B571111-8A08-45AE-883A-A400D90C7723} = {9EA07E27-8436-485C-9893-E2AEBC66038B}
		{5749B9A6-3B0A-4B74-B922-FF0E873FDAE6} = {1B571111-8A08-45AE-883A-A400D90C7723}
		{458AF785-BEC6-4E41-9832-64500BD6BFD0} = {1B571111-8A08-45AE-883A-A400D90C7723}
		{C9BE9A88-6F73-4DE3-90B0-BAC002EAB09A} = {1B571111-8A08-45AE-883A-A400D90C7723}
		{4B4ECF08-2C5E-4B67-B6B0-6C078548F90A} = {1B571111-8A08-45AE-883A-A400D90C7723}
		{1CDEB8F5-804F-4E9F-BBBB-39F500BFD338} = {1B571111-8A08-45AE-883A-A400D90C7723}
		{81011C05-A721-4FE0-8835-8D5624B71232} = {1B571111-8A08-45AE-883A-A400D90C7723}
		{16DF0167-0D63-41C2-B23E-F5C395D19BB4} = {1B571111-8A08-45AE-883A-A400D90C7723}
		{60786335-36DA-4E0D-B673-B61C7CB16C5F} = {1B571111-8A08-45AE-883A-A400D90C7723}
		{B77E7A9D-D2A8-4C0A-B08E-FA6F1E121452} = {1B571111-8A08-45AE-883A-A400D90C7723}
		{6EBDA063-676F-446F-BA8A-E7A3E0344853} = {1B571111-8A08-45AE-883A-A400D90C7723}
		{F632D006-EDF2-47E0-86D6-931DBEE04B78} = {1B571111-8A08-45AE-883A-A400D90C7723}
		{50426073-63EB-4C6A-A104-255AF15F2597} = {B79CE18E-D954-4513-9824-7ADE44A4C0E3}
		{5B8C0D60-9AEA-4A74-BB19-3944C5D648C9} = {B79CE18E-D954-4513-9824-7ADE44A4C0E3}
		{D15A7FD8-3F3C-428E-B25D-BFCD73D5E67B} = {B79CE18E-D954-4513-9824-7ADE44A4C0E3}
		{64D83666-3FCB-4077-BF91-4060B41A9A09} = {B79CE18E-D954-4513-9824-7ADE44A4C0E3}
		{9D355E37-C54B-4B02-BC03-8E2EB6E9056E} = {B79CE18E-D954-4513-9824-7ADE44A4C0E3}
		{212D5030-151A-4456-A0A3-916C94D03276} = {B79CE18E-D954-4513-9824-7ADE44A4C0E3}
		{1ACB8A4F-D0DA-4246-BAF5-F8E321623BD2} = {B79CE18E-D954-4513-9824-7ADE44A4C0E3}
		{55825794-D6A0-4208-9E46-3EF1627AF7CC} = {B79CE18E-D954-4513-9824-7ADE44A4C0E3}
		{7438A2A2-987F-4402-B455-FE610B976C45} = {B79CE18E-D954-4513-9824-7ADE44A4C0E3}
		{B9B57C43-1D96-42FD-BDF3-799A154C744D} = {B79CE18E-D954-4513-9824-7ADE44A4C0E3}
		{3DEA4C32-EA79-408E-99BB-81C619275C7E} = {B79CE18E-D954-4513-9824-7ADE44A4C0E3}
		{89DE52CB-3B23-43D8-A601-E62D5F00FE26} = {B79CE18E-D954-4513-9824-7ADE44A4C0E3}
		{A43EAD86-E701-4EAD-BC83-27C3C68A868E} = {B79CE18E-D954-4513-9824-7ADE44A4C0E3}
		{297F30E8-BE40-4CF8-A218-2965F1465258} = {B79CE18E-D954-4513-9824-7ADE44A4C0E3}
		{40535B6F-EB83-4D08-B508-D830A37A38E2} = {CAD89414-C401-4D15-A7D7-3B09D00D8530}
		{7F59015F-E635-490B-A1F4-187DC73CDAB7} = {40535B6F-EB83-4D08-B508-D830A37A38E2}
		{CA83E7B3-E36A-41B8-8BA3-D139FFE67A00} = {40535B6F-EB83-4D08-B508-D830A37A38E2}
		{DC08520D-B1B9-44AD-B07E-247833906C89} = {40535B6F-EB83-4D08-B508-D830A37A38E2}
		{8FBDFE2D-158F-42D2-9A34-7F9CEE75926D} = {40535B6F-EB83-4D08-B508-D830A37A38E2}
		{8A8E6E1D-6C76-41A4-A374-0A4AE8F5369A} = {40535B6F-EB83-4D08-B508-D830A37A38E2}
		{8B7C8CC5-201B-46AA-84DD-2FEBA42DFAB9} = {40535B6F-EB83-4D08-B508-D830A37A38E2}
		{07D8072C-31E7-400B-B779-5A125C056984} = {40535B6F-EB83-4D08-B508-D830A37A38E2}
		{33C56E06-9D19-4BB0-9250-084FEB6501A8} = {40535B6F-EB83-4D08-B508-D830A37A38E2}
		{A0D282C7-701F-4622-A46C-0C9BF7A67B30} = {40535B6F-EB83-4D08-B508-D830A37A38E2}
		{06FF0F6E-E953-4346-BDE1-3852DA31A4B4} = {40535B6F-EB83-4D08-B508-D830A37A38E2}
		{1EE16B46-307C-415E-BBA0-70CEE5015A18} = {40535B6F-EB83-4D08-B508-D830A37A38E2}
		{DFE735BC-4E57-4552-A100-F54DE2AF5774} = {40535B6F-EB83-4D08-B508-D830A37A38E2}
		{5984E6CB-82E5-4A27-899B-73DE04A9ADD6} = {CAD89414-C401-4D15-A7D7-3B09D00D8530}
		{E9C98BB4-34E6-418D-81E5-A0A218435CD9} = {5984E6CB-82E5-4A27-899B-73DE04A9ADD6}
		{DBE844FD-A8DD-4199-A08A-CFC9E884392A} = {40535B6F-EB83-4D08-B508-D830A37A38E2}
		{6CC651F0-0271-46F7-AAB9-141061602DAD} = {5984E6CB-82E5-4A27-899B-73DE04A9ADD6}
		{646829AF-98CE-45D6-BD4E-F4E1A3D21894} = {5984E6CB-82E5-4A27-899B-73DE04A9ADD6}
		{72164F0F-125D-487B-B5C1-05D662466A04} = {5984E6CB-82E5-4A27-899B-73DE04A9ADD6}
		{B101B8EB-B744-4277-BBF3-9203649FBB23} = {5984E6CB-82E5-4A27-899B-73DE04A9ADD6}
		{39C8CA6A-DFDB-432B-96E5-8130B10774C7} = {5984E6CB-82E5-4A27-899B-73DE04A9ADD6}
		{0D768F55-08BC-4226-A930-E1300C5BF8C2} = {5984E6CB-82E5-4A27-899B-73DE04A9ADD6}
		{4BBEA681-BEF8-4FD7-8B07-CAA57DA2C00C} = {5984E6CB-82E5-4A27-899B-73DE04A9ADD6}
		{2CE5EE8A-21F6-45A7-9A57-0284436F6680} = {5984E6CB-82E5-4A27-899B-73DE04A9ADD6}
		{EF8F1E58-5439-4F2A-9286-C2ACAB20F458} = {24D9D3E1-E045-4B05-A831-14E0011C7791}
		{AE2A030A-1F4D-46B4-A7E9-2543718F1C6A} = {EF8F1E58-5439-4F2A-9286-C2ACAB20F458}
		{CF8586AE-A599-4782-97A5-09FE9F959D56} = {24D9D3E1-E045-4B05-A831-14E0011C7791}
		{0FDE2BA7-0352-498C-BF15-88636E97A56F} = {EF8F1E58-5439-4F2A-9286-C2ACAB20F458}
		{607D8540-7BF1-45CD-9FC8-CC8B6FBDA540} = {EF8F1E58-5439-4F2A-9286-C2ACAB20F458}
		{7C830C27-A466-4625-BA3C-6921053A321F} = {EF8F1E58-5439-4F2A-9286-C2ACAB20F458}
		{DADCB79C-B9F7-4017-9900-38DD34ABA314} = {F3A3CBB1-76A6-40CA-836C-6DAD2CB9F5DF}
		{725D29E0-8E48-4276-AC95-7519309FE112} = {DADCB79C-B9F7-4017-9900-38DD34ABA314}
		{49975A5A-DC6C-4A47-8AD8-43C24C0FA88B} = {DADCB79C-B9F7-4017-9900-38DD34ABA314}
		{0CCB1E3D-ADE4-43AF-AF41-2CCA89AFD722} = {DADCB79C-B9F7-4017-9900-38DD34ABA314}
		{B90681A6-E63B-48B9-9680-96F097344D18} = {DADCB79C-B9F7-4017-9900-38DD34ABA314}
		{F6EE5203-8832-44F2-AE03-CB53DF960D47} = {F3A3CBB1-76A6-40CA-836C-6DAD2CB9F5DF}
		{46D404CD-F348-4A6E-9763-C6F58ABFC91D} = {DADCB79C-B9F7-4017-9900-38DD34ABA314}
		{87794738-AD4D-42AC-9796-10C052E611C8} = {DADCB79C-B9F7-4017-9900-38DD34ABA314}
		{B8E69AC1-6B1E-46B0-8BF5-9C4209E88C58} = {F6EE5203-8832-44F2-AE03-CB53DF960D47}
		{DD170C7C-EF37-4C07-A60F-846CDF7FFDC4} = {F6EE5203-8832-44F2-AE03-CB53DF960D47}
		{DC89B6AB-69BB-4706-82BC-114A689CB3D1} = {F6EE5203-8832-44F2-AE03-CB53DF960D47}
		{70B64009-2D01-41E8-9EA2-0AFA0DE80DC7} = {2BCFEDDF-9057-42DA-A953-56F21877AF83}
		{B90ED205-5DA2-46D8-96A0-7D1F39871506} = {70B64009-2D01-41E8-9EA2-0AFA0DE80DC7}
		{534EB03C-91B4-4AEB-8F4C-26C3A9DEB9DC} = {70B64009-2D01-41E8-9EA2-0AFA0DE80DC7}
		{255960FA-2159-41BE-B1C7-E09AA55E91FA} = {70B64009-2D01-41E8-9EA2-0AFA0DE80DC7}
		{B90E895E-518A-424A-A565-F92168E80ED2} = {70B64009-2D01-41E8-9EA2-0AFA0DE80DC7}
		{1315A1C8-185E-4AA8-89D2-C3EBE0D8B950} = {70B64009-2D01-41E8-9EA2-0AFA0DE80DC7}
		{DCC18F73-DDD3-4808-878E-9E848D1F50A1} = {70B64009-2D01-41E8-9EA2-0AFA0DE80DC7}
		{DB2933C7-3D57-45BA-9936-A92CA30D1370} = {70B64009-2D01-41E8-9EA2-0AFA0DE80DC7}
		{01A86049-D226-474B-8290-EE38F5517CF3} = {70B64009-2D01-41E8-9EA2-0AFA0DE80DC7}
		{231C7A57-B3F5-4463-AAA8-33599B5C5271} = {2BCFEDDF-9057-42DA-A953-56F21877AF83}
		{36FD38A6-9607-4E94-B5B1-055936626410} = {231C7A57-B3F5-4463-AAA8-33599B5C5271}
		{FE42E376-9B08-412B-9EA1-65679577D78C} = {231C7A57-B3F5-4463-AAA8-33599B5C5271}
		{F767C962-390F-478C-B606-4A31D8639C83} = {53039C3C-2CAC-40AA-AA08-65C7ABAB8F63}
		{342E768B-8AE0-42AD-A9C3-5BBBD0765B12} = {53039C3C-2CAC-40AA-AA08-65C7ABAB8F63}
	EndGlobalSection
EndGlobal
